// !$*UTF8*$!
{
	archiveVersion = 1;
	classes = {
	};
	objectVersion = 51;
	objects = {

/* Begin PBXBuildFile section */
		4E02610B26975F3C005FCF82 /* AppDelegate.swift in Sources */ = {isa = PBXBuildFile; fileRef = 4E02610A26975F3C005FCF82 /* AppDelegate.swift */; };
		4E02611426975F3E005FCF82 /* Assets.xcassets in Resources */ = {isa = PBXBuildFile; fileRef = 4E02611326975F3E005FCF82 /* Assets.xcassets */; };
		4E29499726A333CF00982A44 /* LaunchScreen.storyboard in Resources */ = {isa = PBXBuildFile; fileRef = 4E29499626A333CF00982A44 /* LaunchScreen.storyboard */; };
		4E2949BA26A34CA700982A44 /* Login.storyboard in Resources */ = {isa = PBXBuildFile; fileRef = 4E2949B926A34CA700982A44 /* Login.storyboard */; };
		4E2949BC26A34CC100982A44 /* LoginViewController.swift in Sources */ = {isa = PBXBuildFile; fileRef = 4E2949BB26A34CC100982A44 /* LoginViewController.swift */; };
		4E91E4E226A6C20C00A6C7FE /* HomeViewController.swift in Sources */ = {isa = PBXBuildFile; fileRef = 4E91E4E126A6C20C00A6C7FE /* HomeViewController.swift */; };
		4E91E4E426A6D6E600A6C7FE /* Home.storyboard in Resources */ = {isa = PBXBuildFile; fileRef = 4E91E4E326A6D6E600A6C7FE /* Home.storyboard */; };
		4E91E4E626A6E84100A6C7FE /* PaddedTextField.swift in Sources */ = {isa = PBXBuildFile; fileRef = 4E91E4E526A6E84100A6C7FE /* PaddedTextField.swift */; };
		4EAA74E426B2145300135E85 /* ShowTableViewCell.swift in Sources */ = {isa = PBXBuildFile; fileRef = 4EAA74E326B2145300135E85 /* ShowTableViewCell.swift */; };
		4EAA74E726B297B600135E85 /* ShowDetailsViewController.swift in Sources */ = {isa = PBXBuildFile; fileRef = 4EAA74E626B297B600135E85 /* ShowDetailsViewController.swift */; };
		4EAA74E926B298DB00135E85 /* ShowDetails.storyboard in Resources */ = {isa = PBXBuildFile; fileRef = 4EAA74E826B298DB00135E85 /* ShowDetails.storyboard */; };
		4EB4847626A829C2008C4982 /* Networking.swift in Sources */ = {isa = PBXBuildFile; fileRef = 4EB4847526A829C2008C4982 /* Networking.swift */; };
		4ED4132226BBDA4500A03BF0 /* WriteReviewTableViewCell.swift in Sources */ = {isa = PBXBuildFile; fileRef = 4ED4132126BBDA4500A03BF0 /* WriteReviewTableViewCell.swift */; };
		4ED4132426BBDD5D00A03BF0 /* WriteReviewViewController.swift in Sources */ = {isa = PBXBuildFile; fileRef = 4ED4132326BBDD5D00A03BF0 /* WriteReviewViewController.swift */; };
		4ED4132626BC6BF500A03BF0 /* WriteReview.storyboard in Resources */ = {isa = PBXBuildFile; fileRef = 4ED4132526BC6BF500A03BF0 /* WriteReview.storyboard */; };
		4ED8B71B285078B900286A9C /* LoginViewModel.swift in Sources */ = {isa = PBXBuildFile; fileRef = 4ED8B71A285078B900286A9C /* LoginViewModel.swift */; };
		4ED8B71D285078CF00286A9C /* User.swift in Sources */ = {isa = PBXBuildFile; fileRef = 4ED8B71C285078CF00286A9C /* User.swift */; };
		4ED8B71F28507B6800286A9C /* Auth.swift in Sources */ = {isa = PBXBuildFile; fileRef = 4ED8B71E28507B6800286A9C /* Auth.swift */; };
		4ED8B7212850835500286A9C /* LoginRouter.swift in Sources */ = {isa = PBXBuildFile; fileRef = 4ED8B7202850835500286A9C /* LoginRouter.swift */; };
		4EDCED6326BD415700CD837A /* AppConstants.swift in Sources */ = {isa = PBXBuildFile; fileRef = 4EDCED6226BD415700CD837A /* AppConstants.swift */; };
		4EE1C74A26B2A24F0067869A /* ShowInfoTableViewCell.swift in Sources */ = {isa = PBXBuildFile; fileRef = 4EE1C74926B2A24F0067869A /* ShowInfoTableViewCell.swift */; };
		4EE1C74C26B2A2630067869A /* ShowReviewsTableViewCell.swift in Sources */ = {isa = PBXBuildFile; fileRef = 4EE1C74B26B2A2630067869A /* ShowReviewsTableViewCell.swift */; };
		4EE1C74E26B2C05A0067869A /* RatingView.swift in Sources */ = {isa = PBXBuildFile; fileRef = 4EE1C74D26B2C05A0067869A /* RatingView.swift */; };
		4EF80AA826BFB9FE00D51AB9 /* Profile.storyboard in Resources */ = {isa = PBXBuildFile; fileRef = 4EF80AA726BFB9FE00D51AB9 /* Profile.storyboard */; };
		4EF80AAA26BFCEC200D51AB9 /* ProfileViewController.swift in Sources */ = {isa = PBXBuildFile; fileRef = 4EF80AA926BFCEC200D51AB9 /* ProfileViewController.swift */; };
		4EFE3AE5284FC34A000B873C /* Endpoint.swift in Sources */ = {isa = PBXBuildFile; fileRef = 4EFE3AE4284FC34A000B873C /* Endpoint.swift */; };
		4EFE3AE7284FC391000B873C /* NetworkConstants.swift in Sources */ = {isa = PBXBuildFile; fileRef = 4EFE3AE6284FC391000B873C /* NetworkConstants.swift */; };
		4EFE3AEB284FC510000B873C /* URL+.swift in Sources */ = {isa = PBXBuildFile; fileRef = 4EFE3AEA284FC510000B873C /* URL+.swift */; };
		4EFE3AED284FC52F000B873C /* Data+.swift in Sources */ = {isa = PBXBuildFile; fileRef = 4EFE3AEC284FC52F000B873C /* Data+.swift */; };
		4EFE3AEF284FC555000B873C /* String+.swift in Sources */ = {isa = PBXBuildFile; fileRef = 4EFE3AEE284FC555000B873C /* String+.swift */; };
		4EFE3AF1284FC570000B873C /* Optional+.swift in Sources */ = {isa = PBXBuildFile; fileRef = 4EFE3AF0284FC570000B873C /* Optional+.swift */; };
		4EFE3AF3284FC590000B873C /* Int+.swift in Sources */ = {isa = PBXBuildFile; fileRef = 4EFE3AF2284FC590000B873C /* Int+.swift */; };
		4EFE3AF5284FC5A0000B873C /* Encodable+.swift in Sources */ = {isa = PBXBuildFile; fileRef = 4EFE3AF4284FC5A0000B873C /* Encodable+.swift */; };
		4EFE3AF7284FC5BF000B873C /* APIClient.swift in Sources */ = {isa = PBXBuildFile; fileRef = 4EFE3AF6284FC5BF000B873C /* APIClient.swift */; };
		4EFE3AF9284FC622000B873C /* APIRequest.swift in Sources */ = {isa = PBXBuildFile; fileRef = 4EFE3AF8284FC622000B873C /* APIRequest.swift */; };
		4EFE3AFE284FC669000B873C /* Model.swift in Sources */ = {isa = PBXBuildFile; fileRef = 4EFE3AFD284FC669000B873C /* Model.swift */; };
		4EFE3B00284FC67E000B873C /* ErrorResponse.swift in Sources */ = {isa = PBXBuildFile; fileRef = 4EFE3AFF284FC67E000B873C /* ErrorResponse.swift */; };
		4EFE3B02284FC705000B873C /* Shows.swift in Sources */ = {isa = PBXBuildFile; fileRef = 4EFE3B01284FC705000B873C /* Shows.swift */; };
		4EFE3B04284FC767000B873C /* Reviews.swift in Sources */ = {isa = PBXBuildFile; fileRef = 4EFE3B03284FC767000B873C /* Reviews.swift */; };
		4EFE3B06284FCD24000B873C /* UserService.swift in Sources */ = {isa = PBXBuildFile; fileRef = 4EFE3B05284FCD24000B873C /* UserService.swift */; };
		4EFE3B08284FCE14000B873C /* ShowService.swift in Sources */ = {isa = PBXBuildFile; fileRef = 4EFE3B07284FCE14000B873C /* ShowService.swift */; };
		4EFE3B0A284FCE94000B873C /* ShowsRequest.swift in Sources */ = {isa = PBXBuildFile; fileRef = 4EFE3B09284FCE94000B873C /* ShowsRequest.swift */; };
		4EFE3B11284FE0F8000B873C /* AppController.swift in Sources */ = {isa = PBXBuildFile; fileRef = 4EFE3B10284FE0F8000B873C /* AppController.swift */; };
		4EFE3B13284FE477000B873C /* Assets.swift in Sources */ = {isa = PBXBuildFile; fileRef = 4EFE3B12284FE477000B873C /* Assets.swift */; };
		4EFE3B17284FECFB000B873C /* UIColor+.swift in Sources */ = {isa = PBXBuildFile; fileRef = 4EFE3B16284FECFB000B873C /* UIColor+.swift */; };
		E011A81AFF60E51DBC98F7CA /* Pods_TV_Shows.framework in Frameworks */ = {isa = PBXBuildFile; fileRef = 217FA2252093F851D9237ECC /* Pods_TV_Shows.framework */; };
/* End PBXBuildFile section */

/* Begin PBXFileReference section */
		217FA2252093F851D9237ECC /* Pods_TV_Shows.framework */ = {isa = PBXFileReference; explicitFileType = wrapper.framework; includeInIndex = 0; path = Pods_TV_Shows.framework; sourceTree = BUILT_PRODUCTS_DIR; };
		3B9267FC794A71F08E5BF2F2 /* Pods-TV Shows.debug.xcconfig */ = {isa = PBXFileReference; includeInIndex = 1; lastKnownFileType = text.xcconfig; name = "Pods-TV Shows.debug.xcconfig"; path = "Target Support Files/Pods-TV Shows/Pods-TV Shows.debug.xcconfig"; sourceTree = "<group>"; };
		4E02610726975F3C005FCF82 /* TV Shows.app */ = {isa = PBXFileReference; explicitFileType = wrapper.application; includeInIndex = 0; path = "TV Shows.app"; sourceTree = BUILT_PRODUCTS_DIR; };
		4E02610A26975F3C005FCF82 /* AppDelegate.swift */ = {isa = PBXFileReference; lastKnownFileType = sourcecode.swift; path = AppDelegate.swift; sourceTree = "<group>"; };
		4E02611326975F3E005FCF82 /* Assets.xcassets */ = {isa = PBXFileReference; lastKnownFileType = folder.assetcatalog; path = Assets.xcassets; sourceTree = "<group>"; };
		4E02611826975F3E005FCF82 /* Info.plist */ = {isa = PBXFileReference; lastKnownFileType = text.plist.xml; path = Info.plist; sourceTree = "<group>"; };
		4E29499626A333CF00982A44 /* LaunchScreen.storyboard */ = {isa = PBXFileReference; lastKnownFileType = file.storyboard; path = LaunchScreen.storyboard; sourceTree = "<group>"; };
		4E2949B926A34CA700982A44 /* Login.storyboard */ = {isa = PBXFileReference; lastKnownFileType = file.storyboard; path = Login.storyboard; sourceTree = "<group>"; };
		4E2949BB26A34CC100982A44 /* LoginViewController.swift */ = {isa = PBXFileReference; lastKnownFileType = sourcecode.swift; path = LoginViewController.swift; sourceTree = "<group>"; };
		4E91E4E126A6C20C00A6C7FE /* HomeViewController.swift */ = {isa = PBXFileReference; lastKnownFileType = sourcecode.swift; path = HomeViewController.swift; sourceTree = "<group>"; };
		4E91E4E326A6D6E600A6C7FE /* Home.storyboard */ = {isa = PBXFileReference; lastKnownFileType = file.storyboard; path = Home.storyboard; sourceTree = "<group>"; };
		4E91E4E526A6E84100A6C7FE /* PaddedTextField.swift */ = {isa = PBXFileReference; lastKnownFileType = sourcecode.swift; path = PaddedTextField.swift; sourceTree = "<group>"; };
		4EAA74E326B2145300135E85 /* ShowTableViewCell.swift */ = {isa = PBXFileReference; lastKnownFileType = sourcecode.swift; path = ShowTableViewCell.swift; sourceTree = "<group>"; };
		4EAA74E626B297B600135E85 /* ShowDetailsViewController.swift */ = {isa = PBXFileReference; lastKnownFileType = sourcecode.swift; path = ShowDetailsViewController.swift; sourceTree = "<group>"; };
		4EAA74E826B298DB00135E85 /* ShowDetails.storyboard */ = {isa = PBXFileReference; lastKnownFileType = file.storyboard; path = ShowDetails.storyboard; sourceTree = "<group>"; };
		4EB4847526A829C2008C4982 /* Networking.swift */ = {isa = PBXFileReference; lastKnownFileType = sourcecode.swift; path = Networking.swift; sourceTree = "<group>"; };
		4ED4132126BBDA4500A03BF0 /* WriteReviewTableViewCell.swift */ = {isa = PBXFileReference; lastKnownFileType = sourcecode.swift; path = WriteReviewTableViewCell.swift; sourceTree = "<group>"; };
		4ED4132326BBDD5D00A03BF0 /* WriteReviewViewController.swift */ = {isa = PBXFileReference; lastKnownFileType = sourcecode.swift; path = WriteReviewViewController.swift; sourceTree = "<group>"; };
		4ED4132526BC6BF500A03BF0 /* WriteReview.storyboard */ = {isa = PBXFileReference; lastKnownFileType = file.storyboard; path = WriteReview.storyboard; sourceTree = "<group>"; };
		4ED8B71A285078B900286A9C /* LoginViewModel.swift */ = {isa = PBXFileReference; lastKnownFileType = sourcecode.swift; path = LoginViewModel.swift; sourceTree = "<group>"; };
		4ED8B71C285078CF00286A9C /* User.swift */ = {isa = PBXFileReference; lastKnownFileType = sourcecode.swift; path = User.swift; sourceTree = "<group>"; };
		4ED8B71E28507B6800286A9C /* Auth.swift */ = {isa = PBXFileReference; lastKnownFileType = sourcecode.swift; path = Auth.swift; sourceTree = "<group>"; };
		4ED8B7202850835500286A9C /* LoginRouter.swift */ = {isa = PBXFileReference; lastKnownFileType = sourcecode.swift; path = LoginRouter.swift; sourceTree = "<group>"; };
		4EDCED6226BD415700CD837A /* AppConstants.swift */ = {isa = PBXFileReference; lastKnownFileType = sourcecode.swift; path = AppConstants.swift; sourceTree = "<group>"; };
		4EE1C74926B2A24F0067869A /* ShowInfoTableViewCell.swift */ = {isa = PBXFileReference; lastKnownFileType = sourcecode.swift; path = ShowInfoTableViewCell.swift; sourceTree = "<group>"; };
		4EE1C74B26B2A2630067869A /* ShowReviewsTableViewCell.swift */ = {isa = PBXFileReference; lastKnownFileType = sourcecode.swift; path = ShowReviewsTableViewCell.swift; sourceTree = "<group>"; };
		4EE1C74D26B2C05A0067869A /* RatingView.swift */ = {isa = PBXFileReference; fileEncoding = 4; lastKnownFileType = sourcecode.swift; path = RatingView.swift; sourceTree = "<group>"; };
		4EF80AA726BFB9FE00D51AB9 /* Profile.storyboard */ = {isa = PBXFileReference; lastKnownFileType = file.storyboard; path = Profile.storyboard; sourceTree = "<group>"; };
		4EF80AA926BFCEC200D51AB9 /* ProfileViewController.swift */ = {isa = PBXFileReference; lastKnownFileType = sourcecode.swift; path = ProfileViewController.swift; sourceTree = "<group>"; };
		4EFE3AE4284FC34A000B873C /* Endpoint.swift */ = {isa = PBXFileReference; lastKnownFileType = sourcecode.swift; path = Endpoint.swift; sourceTree = "<group>"; };
		4EFE3AE6284FC391000B873C /* NetworkConstants.swift */ = {isa = PBXFileReference; lastKnownFileType = sourcecode.swift; path = NetworkConstants.swift; sourceTree = "<group>"; };
		4EFE3AEA284FC510000B873C /* URL+.swift */ = {isa = PBXFileReference; lastKnownFileType = sourcecode.swift; path = "URL+.swift"; sourceTree = "<group>"; };
		4EFE3AEC284FC52F000B873C /* Data+.swift */ = {isa = PBXFileReference; lastKnownFileType = sourcecode.swift; path = "Data+.swift"; sourceTree = "<group>"; };
		4EFE3AEE284FC555000B873C /* String+.swift */ = {isa = PBXFileReference; lastKnownFileType = sourcecode.swift; path = "String+.swift"; sourceTree = "<group>"; };
		4EFE3AF0284FC570000B873C /* Optional+.swift */ = {isa = PBXFileReference; lastKnownFileType = sourcecode.swift; path = "Optional+.swift"; sourceTree = "<group>"; };
		4EFE3AF2284FC590000B873C /* Int+.swift */ = {isa = PBXFileReference; lastKnownFileType = sourcecode.swift; path = "Int+.swift"; sourceTree = "<group>"; };
		4EFE3AF4284FC5A0000B873C /* Encodable+.swift */ = {isa = PBXFileReference; lastKnownFileType = sourcecode.swift; path = "Encodable+.swift"; sourceTree = "<group>"; };
		4EFE3AF6284FC5BF000B873C /* APIClient.swift */ = {isa = PBXFileReference; lastKnownFileType = sourcecode.swift; path = APIClient.swift; sourceTree = "<group>"; };
		4EFE3AF8284FC622000B873C /* APIRequest.swift */ = {isa = PBXFileReference; lastKnownFileType = sourcecode.swift; path = APIRequest.swift; sourceTree = "<group>"; };
		4EFE3AFD284FC669000B873C /* Model.swift */ = {isa = PBXFileReference; lastKnownFileType = sourcecode.swift; path = Model.swift; sourceTree = "<group>"; };
		4EFE3AFF284FC67E000B873C /* ErrorResponse.swift */ = {isa = PBXFileReference; lastKnownFileType = sourcecode.swift; path = ErrorResponse.swift; sourceTree = "<group>"; };
		4EFE3B01284FC705000B873C /* Shows.swift */ = {isa = PBXFileReference; lastKnownFileType = sourcecode.swift; path = Shows.swift; sourceTree = "<group>"; };
		4EFE3B03284FC767000B873C /* Reviews.swift */ = {isa = PBXFileReference; lastKnownFileType = sourcecode.swift; path = Reviews.swift; sourceTree = "<group>"; };
		4EFE3B05284FCD24000B873C /* UserService.swift */ = {isa = PBXFileReference; lastKnownFileType = sourcecode.swift; path = UserService.swift; sourceTree = "<group>"; };
		4EFE3B07284FCE14000B873C /* ShowService.swift */ = {isa = PBXFileReference; lastKnownFileType = sourcecode.swift; path = ShowService.swift; sourceTree = "<group>"; };
		4EFE3B09284FCE94000B873C /* ShowsRequest.swift */ = {isa = PBXFileReference; lastKnownFileType = sourcecode.swift; path = ShowsRequest.swift; sourceTree = "<group>"; };
		4EFE3B10284FE0F8000B873C /* AppController.swift */ = {isa = PBXFileReference; lastKnownFileType = sourcecode.swift; path = AppController.swift; sourceTree = "<group>"; };
		4EFE3B12284FE477000B873C /* Assets.swift */ = {isa = PBXFileReference; lastKnownFileType = sourcecode.swift; path = Assets.swift; sourceTree = "<group>"; };
		4EFE3B16284FECFB000B873C /* UIColor+.swift */ = {isa = PBXFileReference; lastKnownFileType = sourcecode.swift; path = "UIColor+.swift"; sourceTree = "<group>"; };
		62F6EF5B27709957104F8D0C /* Pods-TV Shows.release.xcconfig */ = {isa = PBXFileReference; includeInIndex = 1; lastKnownFileType = text.xcconfig; name = "Pods-TV Shows.release.xcconfig"; path = "Target Support Files/Pods-TV Shows/Pods-TV Shows.release.xcconfig"; sourceTree = "<group>"; };
/* End PBXFileReference section */

/* Begin PBXFrameworksBuildPhase section */
		4E02610426975F3C005FCF82 /* Frameworks */ = {
			isa = PBXFrameworksBuildPhase;
			buildActionMask = 2147483647;
			files = (
				E011A81AFF60E51DBC98F7CA /* Pods_TV_Shows.framework in Frameworks */,
			);
			runOnlyForDeploymentPostprocessing = 0;
		};
/* End PBXFrameworksBuildPhase section */

/* Begin PBXGroup section */
		4E0260FE26975F3C005FCF82 = {
			isa = PBXGroup;
			children = (
				4E02610926975F3C005FCF82 /* TV Shows */,
				4E02610826975F3C005FCF82 /* Products */,
				9C98E69AAE67A08803AD1498 /* Pods */,
				A58E902D8E3BB17E8B9920B9 /* Frameworks */,
			);
			sourceTree = "<group>";
		};
		4E02610826975F3C005FCF82 /* Products */ = {
			isa = PBXGroup;
			children = (
				4E02610726975F3C005FCF82 /* TV Shows.app */,
			);
			name = Products;
			sourceTree = "<group>";
		};
		4E02610926975F3C005FCF82 /* TV Shows */ = {
			isa = PBXGroup;
			children = (
				4EFE3B0B284FD134000B873C /* App */,
				4EFE3AE2284FC33D000B873C /* Common */,
				4EFE3B0C284FD246000B873C /* Modules */,
				4EFE3B0D284FD27B000B873C /* Resources */,
				4EB4847426A8297D008C4982 /* DELETE */,
				4E02611826975F3E005FCF82 /* Info.plist */,
			);
			path = "TV Shows";
			sourceTree = "<group>";
		};
		4E2949B826A34C8D00982A44 /* Login */ = {
			isa = PBXGroup;
			children = (
				4E2949B926A34CA700982A44 /* Login.storyboard */,
				4E2949BB26A34CC100982A44 /* LoginViewController.swift */,
				4ED8B71A285078B900286A9C /* LoginViewModel.swift */,
				4ED8B7202850835500286A9C /* LoginRouter.swift */,
			);
			path = Login;
			sourceTree = "<group>";
		};
		4E91E4DE26A6C1DF00A6C7FE /* Home */ = {
			isa = PBXGroup;
			children = (
				4E91E4E126A6C20C00A6C7FE /* HomeViewController.swift */,
				4E91E4E326A6D6E600A6C7FE /* Home.storyboard */,
				4EAA74E326B2145300135E85 /* ShowTableViewCell.swift */,
			);
			path = Home;
			sourceTree = "<group>";
		};
		4EAA74E526B2979800135E85 /* Details */ = {
			isa = PBXGroup;
			children = (
				4EF80AA626BFB9E900D51AB9 /* Profile */,
				4EE1C74F26B2C9B80067869A /* Reviews */,
				4EAA74E826B298DB00135E85 /* ShowDetails.storyboard */,
				4EAA74E626B297B600135E85 /* ShowDetailsViewController.swift */,
				4EE1C74926B2A24F0067869A /* ShowInfoTableViewCell.swift */,
			);
			path = Details;
			sourceTree = "<group>";
		};
		4EB4847426A8297D008C4982 /* DELETE */ = {
			isa = PBXGroup;
			children = (
				4EB4847526A829C2008C4982 /* Networking.swift */,
			);
			path = DELETE;
			sourceTree = "<group>";
		};
		4EE1C74F26B2C9B80067869A /* Reviews */ = {
			isa = PBXGroup;
			children = (
				4EE1C74B26B2A2630067869A /* ShowReviewsTableViewCell.swift */,
				4EE1C74D26B2C05A0067869A /* RatingView.swift */,
				4ED4132126BBDA4500A03BF0 /* WriteReviewTableViewCell.swift */,
				4ED4132326BBDD5D00A03BF0 /* WriteReviewViewController.swift */,
				4ED4132526BC6BF500A03BF0 /* WriteReview.storyboard */,
			);
			path = Reviews;
			sourceTree = "<group>";
		};
		4EF80AA626BFB9E900D51AB9 /* Profile */ = {
			isa = PBXGroup;
			children = (
				4EF80AA726BFB9FE00D51AB9 /* Profile.storyboard */,
				4EF80AA926BFCEC200D51AB9 /* ProfileViewController.swift */,
			);
			path = Profile;
			sourceTree = "<group>";
		};
		4EFE3AE2284FC33D000B873C /* Common */ = {
			isa = PBXGroup;
			children = (
				4EFE3AE3284FC341000B873C /* API */,
				4EFE3B0E284FD2A2000B873C /* Constants */,
				4EFE3B0F284FE0E2000B873C /* Controllers */,
				4EFE3B14284FE7E7000B873C /* Views */,
				4EFE3AE8284FC4E7000B873C /* Extensions */,
			);
			path = Common;
			sourceTree = "<group>";
		};
		4EFE3AE3284FC341000B873C /* API */ = {
			isa = PBXGroup;
			children = (
				4EFE3AFC284FC660000B873C /* Requests */,
				4EFE3AFB284FC65D000B873C /* Services */,
				4EFE3AFA284FC65A000B873C /* Models */,
				4EFE3AE4284FC34A000B873C /* Endpoint.swift */,
				4EFE3AF6284FC5BF000B873C /* APIClient.swift */,
				4EFE3AF8284FC622000B873C /* APIRequest.swift */,
			);
			path = API;
			sourceTree = "<group>";
		};
		4EFE3AE8284FC4E7000B873C /* Extensions */ = {
			isa = PBXGroup;
			children = (
				4EFE3AE9284FC4F2000B873C /* Foundation */,
				4EFE3B15284FECEC000B873C /* UIKit */,
			);
			path = Extensions;
			sourceTree = "<group>";
		};
		4EFE3AE9284FC4F2000B873C /* Foundation */ = {
			isa = PBXGroup;
			children = (
				4EFE3AEA284FC510000B873C /* URL+.swift */,
				4EFE3AEE284FC555000B873C /* String+.swift */,
				4EFE3AEC284FC52F000B873C /* Data+.swift */,
				4EFE3AF0284FC570000B873C /* Optional+.swift */,
				4EFE3AF2284FC590000B873C /* Int+.swift */,
				4EFE3AF4284FC5A0000B873C /* Encodable+.swift */,
			);
			path = Foundation;
			sourceTree = "<group>";
		};
		4EFE3AFA284FC65A000B873C /* Models */ = {
			isa = PBXGroup;
			children = (
				4EFE3AFD284FC669000B873C /* Model.swift */,
				4EFE3AFF284FC67E000B873C /* ErrorResponse.swift */,
				4EFE3B01284FC705000B873C /* Shows.swift */,
				4EFE3B03284FC767000B873C /* Reviews.swift */,
				4ED8B71C285078CF00286A9C /* User.swift */,
				4ED8B71E28507B6800286A9C /* Auth.swift */,
			);
			path = Models;
			sourceTree = "<group>";
		};
		4EFE3AFB284FC65D000B873C /* Services */ = {
			isa = PBXGroup;
			children = (
				4EFE3B05284FCD24000B873C /* UserService.swift */,
				4EFE3B07284FCE14000B873C /* ShowService.swift */,
			);
			path = Services;
			sourceTree = "<group>";
		};
		4EFE3AFC284FC660000B873C /* Requests */ = {
			isa = PBXGroup;
			children = (
				4EFE3B09284FCE94000B873C /* ShowsRequest.swift */,
			);
			path = Requests;
			sourceTree = "<group>";
		};
		4EFE3B0B284FD134000B873C /* App */ = {
			isa = PBXGroup;
			children = (
				4E02610A26975F3C005FCF82 /* AppDelegate.swift */,
				4E29499626A333CF00982A44 /* LaunchScreen.storyboard */,
			);
			path = App;
			sourceTree = "<group>";
		};
		4EFE3B0C284FD246000B873C /* Modules */ = {
			isa = PBXGroup;
			children = (
				4E2949B826A34C8D00982A44 /* Login */,
				4E91E4DE26A6C1DF00A6C7FE /* Home */,
				4EAA74E526B2979800135E85 /* Details */,
			);
			path = Modules;
			sourceTree = "<group>";
		};
		4EFE3B0D284FD27B000B873C /* Resources */ = {
			isa = PBXGroup;
			children = (
				4E02611326975F3E005FCF82 /* Assets.xcassets */,
				4EFE3B12284FE477000B873C /* Assets.swift */,
			);
			path = Resources;
			sourceTree = "<group>";
		};
		4EFE3B0E284FD2A2000B873C /* Constants */ = {
			isa = PBXGroup;
			children = (
				4EDCED6226BD415700CD837A /* AppConstants.swift */,
				4EFE3AE6284FC391000B873C /* NetworkConstants.swift */,
			);
			path = Constants;
			sourceTree = "<group>";
		};
		4EFE3B0F284FE0E2000B873C /* Controllers */ = {
			isa = PBXGroup;
			children = (
				4EFE3B10284FE0F8000B873C /* AppController.swift */,
			);
			path = Controllers;
			sourceTree = "<group>";
		};
		4EFE3B14284FE7E7000B873C /* Views */ = {
			isa = PBXGroup;
			children = (
				4E91E4E526A6E84100A6C7FE /* PaddedTextField.swift */,
			);
			path = Views;
			sourceTree = "<group>";
		};
		4EFE3B15284FECEC000B873C /* UIKit */ = {
			isa = PBXGroup;
			children = (
				4EFE3B16284FECFB000B873C /* UIColor+.swift */,
			);
			path = UIKit;
			sourceTree = "<group>";
		};
		9C98E69AAE67A08803AD1498 /* Pods */ = {
			isa = PBXGroup;
			children = (
				3B9267FC794A71F08E5BF2F2 /* Pods-TV Shows.debug.xcconfig */,
				62F6EF5B27709957104F8D0C /* Pods-TV Shows.release.xcconfig */,
			);
			path = Pods;
			sourceTree = "<group>";
		};
		A58E902D8E3BB17E8B9920B9 /* Frameworks */ = {
			isa = PBXGroup;
			children = (
				217FA2252093F851D9237ECC /* Pods_TV_Shows.framework */,
			);
			name = Frameworks;
			sourceTree = "<group>";
		};
/* End PBXGroup section */

/* Begin PBXNativeTarget section */
		4E02610626975F3C005FCF82 /* TV Shows */ = {
			isa = PBXNativeTarget;
			buildConfigurationList = 4E02611B26975F3E005FCF82 /* Build configuration list for PBXNativeTarget "TV Shows" */;
			buildPhases = (
				E4CB21D1954AFB1A0373F325 /* [CP] Check Pods Manifest.lock */,
				4E02610326975F3C005FCF82 /* Sources */,
				4E02610426975F3C005FCF82 /* Frameworks */,
				4E02610526975F3C005FCF82 /* Resources */,
				BE91F1352CCCD20D33EAE85B /* [CP] Embed Pods Frameworks */,
			);
			buildRules = (
			);
			dependencies = (
			);
			name = "TV Shows";
			productName = "TV Shows";
			productReference = 4E02610726975F3C005FCF82 /* TV Shows.app */;
			productType = "com.apple.product-type.application";
		};
/* End PBXNativeTarget section */

/* Begin PBXProject section */
		4E0260FF26975F3C005FCF82 /* Project object */ = {
			isa = PBXProject;
			attributes = {
				LastSwiftUpdateCheck = 1250;
				LastUpgradeCheck = 1250;
				TargetAttributes = {
					4E02610626975F3C005FCF82 = {
						CreatedOnToolsVersion = 12.5.1;
					};
				};
			};
			buildConfigurationList = 4E02610226975F3C005FCF82 /* Build configuration list for PBXProject "TV Shows" */;
			compatibilityVersion = "Xcode 9.3";
			developmentRegion = en;
			hasScannedForEncodings = 0;
			knownRegions = (
				en,
				Base,
			);
			mainGroup = 4E0260FE26975F3C005FCF82;
			productRefGroup = 4E02610826975F3C005FCF82 /* Products */;
			projectDirPath = "";
			projectRoot = "";
			targets = (
				4E02610626975F3C005FCF82 /* TV Shows */,
			);
		};
/* End PBXProject section */

/* Begin PBXResourcesBuildPhase section */
		4E02610526975F3C005FCF82 /* Resources */ = {
			isa = PBXResourcesBuildPhase;
			buildActionMask = 2147483647;
			files = (
				4ED4132626BC6BF500A03BF0 /* WriteReview.storyboard in Resources */,
				4E2949BA26A34CA700982A44 /* Login.storyboard in Resources */,
				4E29499726A333CF00982A44 /* LaunchScreen.storyboard in Resources */,
				4E02611426975F3E005FCF82 /* Assets.xcassets in Resources */,
				4EAA74E926B298DB00135E85 /* ShowDetails.storyboard in Resources */,
				4EF80AA826BFB9FE00D51AB9 /* Profile.storyboard in Resources */,
				4E91E4E426A6D6E600A6C7FE /* Home.storyboard in Resources */,
			);
			runOnlyForDeploymentPostprocessing = 0;
		};
/* End PBXResourcesBuildPhase section */

/* Begin PBXShellScriptBuildPhase section */
		BE91F1352CCCD20D33EAE85B /* [CP] Embed Pods Frameworks */ = {
			isa = PBXShellScriptBuildPhase;
			buildActionMask = 2147483647;
			files = (
			);
			inputFileListPaths = (
				"${PODS_ROOT}/Target Support Files/Pods-TV Shows/Pods-TV Shows-frameworks-${CONFIGURATION}-input-files.xcfilelist",
			);
			name = "[CP] Embed Pods Frameworks";
			outputFileListPaths = (
				"${PODS_ROOT}/Target Support Files/Pods-TV Shows/Pods-TV Shows-frameworks-${CONFIGURATION}-output-files.xcfilelist",
			);
			runOnlyForDeploymentPostprocessing = 0;
			shellPath = /bin/sh;
			shellScript = "\"${PODS_ROOT}/Target Support Files/Pods-TV Shows/Pods-TV Shows-frameworks.sh\"\n";
			showEnvVarsInLog = 0;
		};
		E4CB21D1954AFB1A0373F325 /* [CP] Check Pods Manifest.lock */ = {
			isa = PBXShellScriptBuildPhase;
			buildActionMask = 2147483647;
			files = (
			);
			inputFileListPaths = (
			);
			inputPaths = (
				"${PODS_PODFILE_DIR_PATH}/Podfile.lock",
				"${PODS_ROOT}/Manifest.lock",
			);
			name = "[CP] Check Pods Manifest.lock";
			outputFileListPaths = (
			);
			outputPaths = (
				"$(DERIVED_FILE_DIR)/Pods-TV Shows-checkManifestLockResult.txt",
			);
			runOnlyForDeploymentPostprocessing = 0;
			shellPath = /bin/sh;
			shellScript = "diff \"${PODS_PODFILE_DIR_PATH}/Podfile.lock\" \"${PODS_ROOT}/Manifest.lock\" > /dev/null\nif [ $? != 0 ] ; then\n    # print error to STDERR\n    echo \"error: The sandbox is not in sync with the Podfile.lock. Run 'pod install' or update your CocoaPods installation.\" >&2\n    exit 1\nfi\n# This output is used by Xcode 'outputs' to avoid re-running this script phase.\necho \"SUCCESS\" > \"${SCRIPT_OUTPUT_FILE_0}\"\n";
			showEnvVarsInLog = 0;
		};
/* End PBXShellScriptBuildPhase section */

/* Begin PBXSourcesBuildPhase section */
		4E02610326975F3C005FCF82 /* Sources */ = {
			isa = PBXSourcesBuildPhase;
			buildActionMask = 2147483647;
			files = (
				4E91E4E626A6E84100A6C7FE /* PaddedTextField.swift in Sources */,
				4EDCED6326BD415700CD837A /* AppConstants.swift in Sources */,
				4E2949BC26A34CC100982A44 /* LoginViewController.swift in Sources */,
				4EFE3B02284FC705000B873C /* Shows.swift in Sources */,
				4ED8B71F28507B6800286A9C /* Auth.swift in Sources */,
				4ED4132226BBDA4500A03BF0 /* WriteReviewTableViewCell.swift in Sources */,
				4EF80AAA26BFCEC200D51AB9 /* ProfileViewController.swift in Sources */,
				4EFE3AF3284FC590000B873C /* Int+.swift in Sources */,
				4ED8B71B285078B900286A9C /* LoginViewModel.swift in Sources */,
				4EFE3B13284FE477000B873C /* Assets.swift in Sources */,
				4EB4847626A829C2008C4982 /* Networking.swift in Sources */,
				4ED4132426BBDD5D00A03BF0 /* WriteReviewViewController.swift in Sources */,
				4EFE3AED284FC52F000B873C /* Data+.swift in Sources */,
				4EFE3B11284FE0F8000B873C /* AppController.swift in Sources */,
				4ED8B7212850835500286A9C /* LoginRouter.swift in Sources */,
				4EAA74E726B297B600135E85 /* ShowDetailsViewController.swift in Sources */,
				4EFE3B06284FCD24000B873C /* UserService.swift in Sources */,
				4EE1C74E26B2C05A0067869A /* RatingView.swift in Sources */,
				4EFE3B17284FECFB000B873C /* UIColor+.swift in Sources */,
				4EFE3AE7284FC391000B873C /* NetworkConstants.swift in Sources */,
				4EFE3B00284FC67E000B873C /* ErrorResponse.swift in Sources */,
				4EFE3AE5284FC34A000B873C /* Endpoint.swift in Sources */,
				4EAA74E426B2145300135E85 /* ShowTableViewCell.swift in Sources */,
				4EFE3AEB284FC510000B873C /* URL+.swift in Sources */,
				4ED8B71D285078CF00286A9C /* User.swift in Sources */,
				4E02610B26975F3C005FCF82 /* AppDelegate.swift in Sources */,
				4EFE3B0A284FCE94000B873C /* ShowsRequest.swift in Sources */,
				4EFE3AF1284FC570000B873C /* Optional+.swift in Sources */,
				4E91E4E226A6C20C00A6C7FE /* HomeViewController.swift in Sources */,
				4EFE3B04284FC767000B873C /* Reviews.swift in Sources */,
				4EFE3AF9284FC622000B873C /* APIRequest.swift in Sources */,
				4EFE3AEF284FC555000B873C /* String+.swift in Sources */,
				4EE1C74C26B2A2630067869A /* ShowReviewsTableViewCell.swift in Sources */,
				4EFE3AFE284FC669000B873C /* Model.swift in Sources */,
				4EE1C74A26B2A24F0067869A /* ShowInfoTableViewCell.swift in Sources */,
				4EFE3AF5284FC5A0000B873C /* Encodable+.swift in Sources */,
				4EFE3B08284FCE14000B873C /* ShowService.swift in Sources */,
				4EFE3AF7284FC5BF000B873C /* APIClient.swift in Sources */,
			);
			runOnlyForDeploymentPostprocessing = 0;
		};
/* End PBXSourcesBuildPhase section */

/* Begin XCBuildConfiguration section */
		4E02611926975F3E005FCF82 /* Debug */ = {
			isa = XCBuildConfiguration;
			buildSettings = {
				ALWAYS_SEARCH_USER_PATHS = NO;
				CLANG_ANALYZER_NONNULL = YES;
				CLANG_ANALYZER_NUMBER_OBJECT_CONVERSION = YES_AGGRESSIVE;
				CLANG_CXX_LANGUAGE_STANDARD = "gnu++14";
				CLANG_CXX_LIBRARY = "libc++";
				CLANG_ENABLE_MODULES = YES;
				CLANG_ENABLE_OBJC_ARC = YES;
				CLANG_ENABLE_OBJC_WEAK = YES;
				CLANG_WARN_BLOCK_CAPTURE_AUTORELEASING = YES;
				CLANG_WARN_BOOL_CONVERSION = YES;
				CLANG_WARN_COMMA = YES;
				CLANG_WARN_CONSTANT_CONVERSION = YES;
				CLANG_WARN_DEPRECATED_OBJC_IMPLEMENTATIONS = YES;
				CLANG_WARN_DIRECT_OBJC_ISA_USAGE = YES_ERROR;
				CLANG_WARN_DOCUMENTATION_COMMENTS = YES;
				CLANG_WARN_EMPTY_BODY = YES;
				CLANG_WARN_ENUM_CONVERSION = YES;
				CLANG_WARN_INFINITE_RECURSION = YES;
				CLANG_WARN_INT_CONVERSION = YES;
				CLANG_WARN_NON_LITERAL_NULL_CONVERSION = YES;
				CLANG_WARN_OBJC_IMPLICIT_RETAIN_SELF = YES;
				CLANG_WARN_OBJC_LITERAL_CONVERSION = YES;
				CLANG_WARN_OBJC_ROOT_CLASS = YES_ERROR;
				CLANG_WARN_QUOTED_INCLUDE_IN_FRAMEWORK_HEADER = YES;
				CLANG_WARN_RANGE_LOOP_ANALYSIS = YES;
				CLANG_WARN_STRICT_PROTOTYPES = YES;
				CLANG_WARN_SUSPICIOUS_MOVE = YES;
				CLANG_WARN_UNGUARDED_AVAILABILITY = YES_AGGRESSIVE;
				CLANG_WARN_UNREACHABLE_CODE = YES;
				CLANG_WARN__DUPLICATE_METHOD_MATCH = YES;
				COPY_PHASE_STRIP = NO;
				DEBUG_INFORMATION_FORMAT = dwarf;
				ENABLE_STRICT_OBJC_MSGSEND = YES;
				ENABLE_TESTABILITY = YES;
				GCC_C_LANGUAGE_STANDARD = gnu11;
				GCC_DYNAMIC_NO_PIC = NO;
				GCC_NO_COMMON_BLOCKS = YES;
				GCC_OPTIMIZATION_LEVEL = 0;
				GCC_PREPROCESSOR_DEFINITIONS = (
					"DEBUG=1",
					"$(inherited)",
				);
				GCC_WARN_64_TO_32_BIT_CONVERSION = YES;
				GCC_WARN_ABOUT_RETURN_TYPE = YES_ERROR;
				GCC_WARN_UNDECLARED_SELECTOR = YES;
				GCC_WARN_UNINITIALIZED_AUTOS = YES_AGGRESSIVE;
				GCC_WARN_UNUSED_FUNCTION = YES;
				GCC_WARN_UNUSED_VARIABLE = YES;
				IPHONEOS_DEPLOYMENT_TARGET = 12.1;
				MTL_ENABLE_DEBUG_INFO = INCLUDE_SOURCE;
				MTL_FAST_MATH = YES;
				ONLY_ACTIVE_ARCH = YES;
				SDKROOT = iphoneos;
				SWIFT_ACTIVE_COMPILATION_CONDITIONS = DEBUG;
				SWIFT_OPTIMIZATION_LEVEL = "-Onone";
			};
			name = Debug;
		};
		4E02611A26975F3E005FCF82 /* Release */ = {
			isa = XCBuildConfiguration;
			buildSettings = {
				ALWAYS_SEARCH_USER_PATHS = NO;
				CLANG_ANALYZER_NONNULL = YES;
				CLANG_ANALYZER_NUMBER_OBJECT_CONVERSION = YES_AGGRESSIVE;
				CLANG_CXX_LANGUAGE_STANDARD = "gnu++14";
				CLANG_CXX_LIBRARY = "libc++";
				CLANG_ENABLE_MODULES = YES;
				CLANG_ENABLE_OBJC_ARC = YES;
				CLANG_ENABLE_OBJC_WEAK = YES;
				CLANG_WARN_BLOCK_CAPTURE_AUTORELEASING = YES;
				CLANG_WARN_BOOL_CONVERSION = YES;
				CLANG_WARN_COMMA = YES;
				CLANG_WARN_CONSTANT_CONVERSION = YES;
				CLANG_WARN_DEPRECATED_OBJC_IMPLEMENTATIONS = YES;
				CLANG_WARN_DIRECT_OBJC_ISA_USAGE = YES_ERROR;
				CLANG_WARN_DOCUMENTATION_COMMENTS = YES;
				CLANG_WARN_EMPTY_BODY = YES;
				CLANG_WARN_ENUM_CONVERSION = YES;
				CLANG_WARN_INFINITE_RECURSION = YES;
				CLANG_WARN_INT_CONVERSION = YES;
				CLANG_WARN_NON_LITERAL_NULL_CONVERSION = YES;
				CLANG_WARN_OBJC_IMPLICIT_RETAIN_SELF = YES;
				CLANG_WARN_OBJC_LITERAL_CONVERSION = YES;
				CLANG_WARN_OBJC_ROOT_CLASS = YES_ERROR;
				CLANG_WARN_QUOTED_INCLUDE_IN_FRAMEWORK_HEADER = YES;
				CLANG_WARN_RANGE_LOOP_ANALYSIS = YES;
				CLANG_WARN_STRICT_PROTOTYPES = YES;
				CLANG_WARN_SUSPICIOUS_MOVE = YES;
				CLANG_WARN_UNGUARDED_AVAILABILITY = YES_AGGRESSIVE;
				CLANG_WARN_UNREACHABLE_CODE = YES;
				CLANG_WARN__DUPLICATE_METHOD_MATCH = YES;
				COPY_PHASE_STRIP = NO;
				DEBUG_INFORMATION_FORMAT = "dwarf-with-dsym";
				ENABLE_NS_ASSERTIONS = NO;
				ENABLE_STRICT_OBJC_MSGSEND = YES;
				GCC_C_LANGUAGE_STANDARD = gnu11;
				GCC_NO_COMMON_BLOCKS = YES;
				GCC_WARN_64_TO_32_BIT_CONVERSION = YES;
				GCC_WARN_ABOUT_RETURN_TYPE = YES_ERROR;
				GCC_WARN_UNDECLARED_SELECTOR = YES;
				GCC_WARN_UNINITIALIZED_AUTOS = YES_AGGRESSIVE;
				GCC_WARN_UNUSED_FUNCTION = YES;
				GCC_WARN_UNUSED_VARIABLE = YES;
				IPHONEOS_DEPLOYMENT_TARGET = 12.1;
				MTL_ENABLE_DEBUG_INFO = NO;
				MTL_FAST_MATH = YES;
				SDKROOT = iphoneos;
				SWIFT_COMPILATION_MODE = wholemodule;
				SWIFT_OPTIMIZATION_LEVEL = "-O";
				VALIDATE_PRODUCT = YES;
			};
			name = Release;
		};
		4E02611C26975F3E005FCF82 /* Debug */ = {
			isa = XCBuildConfiguration;
			baseConfigurationReference = 3B9267FC794A71F08E5BF2F2 /* Pods-TV Shows.debug.xcconfig */;
			buildSettings = {
				ASSETCATALOG_COMPILER_APPICON_NAME = AppIcon;
				ASSETCATALOG_COMPILER_GLOBAL_ACCENT_COLOR_NAME = AccentColor;
				CODE_SIGN_STYLE = Automatic;
				DEVELOPMENT_TEAM = MKBJJ592GQ;
				INFOPLIST_FILE = "TV Shows/Info.plist";
				IPHONEOS_DEPLOYMENT_TARGET = 13.0;
				LD_RUNPATH_SEARCH_PATHS = (
					"$(inherited)",
					"@executable_path/Frameworks",
				);
				PRODUCT_BUNDLE_IDENTIFIER = "tech.mundus.academy.TV-Shows";
				PRODUCT_NAME = "$(TARGET_NAME)";
				SWIFT_VERSION = 5.0;
				TARGETED_DEVICE_FAMILY = 1;
			};
			name = Debug;
		};
		4E02611D26975F3E005FCF82 /* Release */ = {
			isa = XCBuildConfiguration;
			baseConfigurationReference = 62F6EF5B27709957104F8D0C /* Pods-TV Shows.release.xcconfig */;
			buildSettings = {
				ASSETCATALOG_COMPILER_APPICON_NAME = AppIcon;
				ASSETCATALOG_COMPILER_GLOBAL_ACCENT_COLOR_NAME = AccentColor;
				CODE_SIGN_STYLE = Automatic;
				DEVELOPMENT_TEAM = MKBJJ592GQ;
				INFOPLIST_FILE = "TV Shows/Info.plist";
				IPHONEOS_DEPLOYMENT_TARGET = 13.0;
				LD_RUNPATH_SEARCH_PATHS = (
					"$(inherited)",
					"@executable_path/Frameworks",
				);
				PRODUCT_BUNDLE_IDENTIFIER = "tech.mundus.academy.TV-Shows";
				PRODUCT_NAME = "$(TARGET_NAME)";
				SWIFT_VERSION = 5.0;
				TARGETED_DEVICE_FAMILY = 1;
			};
			name = Release;
		};
/* End XCBuildConfiguration section */

/* Begin XCConfigurationList section */
		4E02610226975F3C005FCF82 /* Build configuration list for PBXProject "TV Shows" */ = {
			isa = XCConfigurationList;
			buildConfigurations = (
				4E02611926975F3E005FCF82 /* Debug */,
				4E02611A26975F3E005FCF82 /* Release */,
			);
			defaultConfigurationIsVisible = 0;
			defaultConfigurationName = Release;
		};
		4E02611B26975F3E005FCF82 /* Build configuration list for PBXNativeTarget "TV Shows" */ = {
			isa = XCConfigurationList;
			buildConfigurations = (
				4E02611C26975F3E005FCF82 /* Debug */,
				4E02611D26975F3E005FCF82 /* Release */,
			);
			defaultConfigurationIsVisible = 0;
			defaultConfigurationName = Release;
		};
/* End XCConfigurationList section */
	};
	rootObject = 4E0260FF26975F3C005FCF82 /* Project object */;
}
